// !$*UTF8*$!
{
	archiveVersion = 1;
	classes = {
	};
	objectVersion = 46;
	objects = {

/* Begin PBXBuildFile section */
		D9C74DB51E2C871400D00CC5 /* main.m in Sources */ = {isa = PBXBuildFile; fileRef = D9C74DB41E2C871400D00CC5 /* main.m */; };
		D9C74DB81E2C871400D00CC5 /* AppDelegate.m in Sources */ = {isa = PBXBuildFile; fileRef = D9C74DB71E2C871400D00CC5 /* AppDelegate.m */; };
		D9C74DBB1E2C871400D00CC5 /* ViewController.m in Sources */ = {isa = PBXBuildFile; fileRef = D9C74DBA1E2C871400D00CC5 /* ViewController.m */; };
		D9C74DBE1E2C871400D00CC5 /* Main.storyboard in Resources */ = {isa = PBXBuildFile; fileRef = D9C74DBC1E2C871400D00CC5 /* Main.storyboard */; };
		D9C74DC01E2C871400D00CC5 /* Assets.xcassets in Resources */ = {isa = PBXBuildFile; fileRef = D9C74DBF1E2C871400D00CC5 /* Assets.xcassets */; };
		D9C74DC31E2C871400D00CC5 /* LaunchScreen.storyboard in Resources */ = {isa = PBXBuildFile; fileRef = D9C74DC11E2C871400D00CC5 /* LaunchScreen.storyboard */; };
		D9C74DD01E2C87D300D00CC5 /* HDRandomView.m in Sources */ = {isa = PBXBuildFile; fileRef = D9C74DCF1E2C87D300D00CC5 /* HDRandomView.m */; };
/* End PBXBuildFile section */

/* Begin PBXFileReference section */
		D9C74DB01E2C871400D00CC5 /* HDRandomViewDemo.app */ = {isa = PBXFileReference; explicitFileType = wrapper.application; includeInIndex = 0; path = HDRandomViewDemo.app; sourceTree = BUILT_PRODUCTS_DIR; };
		D9C74DB41E2C871400D00CC5 /* main.m */ = {isa = PBXFileReference; lastKnownFileType = sourcecode.c.objc; path = main.m; sourceTree = "<group>"; };
		D9C74DB61E2C871400D00CC5 /* AppDelegate.h */ = {isa = PBXFileReference; lastKnownFileType = sourcecode.c.h; path = AppDelegate.h; sourceTree = "<group>"; };
		D9C74DB71E2C871400D00CC5 /* AppDelegate.m */ = {isa = PBXFileReference; lastKnownFileType = sourcecode.c.objc; path = AppDelegate.m; sourceTree = "<group>"; };
		D9C74DB91E2C871400D00CC5 /* ViewController.h */ = {isa = PBXFileReference; lastKnownFileType = sourcecode.c.h; path = ViewController.h; sourceTree = "<group>"; };
		D9C74DBA1E2C871400D00CC5 /* ViewController.m */ = {isa = PBXFileReference; lastKnownFileType = sourcecode.c.objc; path = ViewController.m; sourceTree = "<group>"; };
		D9C74DBD1E2C871400D00CC5 /* Base */ = {isa = PBXFileReference; lastKnownFileType = file.storyboard; name = Base; path = Base.lproj/Main.storyboard; sourceTree = "<group>"; };
		D9C74DBF1E2C871400D00CC5 /* Assets.xcassets */ = {isa = PBXFileReference; lastKnownFileType = folder.assetcatalog; path = Assets.xcassets; sourceTree = "<group>"; };
		D9C74DC21E2C871400D00CC5 /* Base */ = {isa = PBXFileReference; lastKnownFileType = file.storyboard; name = Base; path = Base.lproj/LaunchScreen.storyboard; sourceTree = "<group>"; };
		D9C74DC41E2C871400D00CC5 /* Info.plist */ = {isa = PBXFileReference; lastKnownFileType = text.plist.xml; path = Info.plist; sourceTree = "<group>"; };
		D9C74DCE1E2C87D300D00CC5 /* HDRandomView.h */ = {isa = PBXFileReference; fileEncoding = 4; lastKnownFileType = sourcecode.c.h; path = HDRandomView.h; sourceTree = "<group>"; };
		D9C74DCF1E2C87D300D00CC5 /* HDRandomView.m */ = {isa = PBXFileReference; fileEncoding = 4; lastKnownFileType = sourcecode.c.objc; path = HDRandomView.m; sourceTree = "<group>"; };
/* End PBXFileReference section */

/* Begin PBXFrameworksBuildPhase section */
		D9C74DAD1E2C871400D00CC5 /* Frameworks */ = {
			isa = PBXFrameworksBuildPhase;
			buildActionMask = 2147483647;
			files = (
			);
			runOnlyForDeploymentPostprocessing = 0;
		};
/* End PBXFrameworksBuildPhase section */

/* Begin PBXGroup section */
		D9C74DA71E2C871400D00CC5 = {
			isa = PBXGroup;
			children = (
				D9C74DB21E2C871400D00CC5 /* HDRandomViewDemo */,
				D9C74DB11E2C871400D00CC5 /* Products */,
			);
			sourceTree = "<group>";
		};
		D9C74DB11E2C871400D00CC5 /* Products */ = {
			isa = PBXGroup;
			children = (
				D9C74DB01E2C871400D00CC5 /* HDRandomViewDemo.app */,
			);
			name = Products;
			sourceTree = "<group>";
		};
		D9C74DB21E2C871400D00CC5 /* HDRandomViewDemo */ = {
			isa = PBXGroup;
			children = (
				D9C74DB61E2C871400D00CC5 /* AppDelegate.h */,
				D9C74DB71E2C871400D00CC5 /* AppDelegate.m */,
				D9C74DB91E2C871400D00CC5 /* ViewController.h */,
				D9C74DBA1E2C871400D00CC5 /* ViewController.m */,
				D9C74DCA1E2C878B00D00CC5 /* HDRandomView */,
				D9C74DB31E2C871400D00CC5 /* Supporting Files */,
			);
			path = HDRandomViewDemo;
			sourceTree = "<group>";
		};
		D9C74DB31E2C871400D00CC5 /* Supporting Files */ = {
			isa = PBXGroup;
			children = (
				D9C74DBC1E2C871400D00CC5 /* Main.storyboard */,
				D9C74DBF1E2C871400D00CC5 /* Assets.xcassets */,
				D9C74DC11E2C871400D00CC5 /* LaunchScreen.storyboard */,
				D9C74DC41E2C871400D00CC5 /* Info.plist */,
				D9C74DB41E2C871400D00CC5 /* main.m */,
			);
			name = "Supporting Files";
			sourceTree = "<group>";
		};
		D9C74DCA1E2C878B00D00CC5 /* HDRandomView */ = {
			isa = PBXGroup;
			children = (
				D9C74DCE1E2C87D300D00CC5 /* HDRandomView.h */,
				D9C74DCF1E2C87D300D00CC5 /* HDRandomView.m */,
			);
			path = HDRandomView;
			sourceTree = "<group>";
		};
/* End PBXGroup section */

/* Begin PBXNativeTarget section */
		D9C74DAF1E2C871400D00CC5 /* HDRandomViewDemo */ = {
			isa = PBXNativeTarget;
			buildConfigurationList = D9C74DC71E2C871400D00CC5 /* Build configuration list for PBXNativeTarget "HDRandomViewDemo" */;
			buildPhases = (
				D9C74DAC1E2C871400D00CC5 /* Sources */,
				D9C74DAD1E2C871400D00CC5 /* Frameworks */,
				D9C74DAE1E2C871400D00CC5 /* Resources */,
			);
			buildRules = (
			);
			dependencies = (
			);
			name = HDRandomViewDemo;
			productName = HDRandomViewDemo;
			productReference = D9C74DB01E2C871400D00CC5 /* HDRandomViewDemo.app */;
			productType = "com.apple.product-type.application";
		};
/* End PBXNativeTarget section */

/* Begin PBXProject section */
		D9C74DA81E2C871400D00CC5 /* Project object */ = {
			isa = PBXProject;
			attributes = {
				LastUpgradeCheck = 0820;
				ORGANIZATIONNAME = denglibing;
				TargetAttributes = {
					D9C74DAF1E2C871400D00CC5 = {
						CreatedOnToolsVersion = 8.2.1;
						ProvisioningStyle = Automatic;
					};
				};
			};
			buildConfigurationList = D9C74DAB1E2C871400D00CC5 /* Build configuration list for PBXProject "HDRandomViewDemo" */;
			compatibilityVersion = "Xcode 3.2";
			developmentRegion = English;
			hasScannedForEncodings = 0;
			knownRegions = (
				en,
				Base,
			);
			mainGroup = D9C74DA71E2C871400D00CC5;
			productRefGroup = D9C74DB11E2C871400D00CC5 /* Products */;
			projectDirPath = "";
			projectRoot = "";
			targets = (
				D9C74DAF1E2C871400D00CC5 /* HDRandomViewDemo */,
			);
		};
/* End PBXProject section */

/* Begin PBXResourcesBuildPhase section */
		D9C74DAE1E2C871400D00CC5 /* Resources */ = {
			isa = PBXResourcesBuildPhase;
			buildActionMask = 2147483647;
			files = (
				D9C74DC31E2C871400D00CC5 /* LaunchScreen.storyboard in Resources */,
				D9C74DC01E2C871400D00CC5 /* Assets.xcassets in Resources */,
				D9C74DBE1E2C871400D00CC5 /* Main.storyboard in Resources */,
			);
			runOnlyForDeploymentPostprocessing = 0;
		};
/* End PBXResourcesBuildPhase section */

/* Begin PBXSourcesBuildPhase section */
		D9C74DAC1E2C871400D00CC5 /* Sources */ = {
			isa = PBXSourcesBuildPhase;
			buildActionMask = 2147483647;
			files = (
				D9C74DD01E2C87D300D00CC5 /* HDRandomView.m in Sources */,
				D9C74DBB1E2C871400D00CC5 /* ViewController.m in Sources */,
				D9C74DB81E2C871400D00CC5 /* AppDelegate.m in Sources */,
				D9C74DB51E2C871400D00CC5 /* main.m in Sources */,
			);
			runOnlyForDeploymentPostprocessing = 0;
		};
/* End PBXSourcesBuildPhase section */

/* Begin PBXVariantGroup section */
		D9C74DBC1E2C871400D00CC5 /* Main.storyboard */ = {
			isa = PBXVariantGroup;
			children = (
				D9C74DBD1E2C871400D00CC5 /* Base */,
			);
			name = Main.storyboard;
			sourceTree = "<group>";
		};
		D9C74DC11E2C871400D00CC5 /* LaunchScreen.storyboard */ = {
			isa = PBXVariantGroup;
			children = (
				D9C74DC21E2C871400D00CC5 /* Base */,
			);
			name = LaunchScreen.storyboard;
			sourceTree = "<group>";
		};
/* End PBXVariantGroup section */

/* Begin XCBuildConfiguration section */
		D9C74DC51E2C871400D00CC5 /* Debug */ = {
			isa = XCBuildConfiguration;
			buildSettings = {
				ALWAYS_SEARCH_USER_PATHS = NO;
				CLANG_ANALYZER_NONNULL = YES;
				CLANG_CXX_LANGUAGE_STANDARD = "gnu++0x";
				CLANG_CXX_LIBRARY = "libc++";
				CLANG_ENABLE_MODULES = YES;
				CLANG_ENABLE_OBJC_ARC = YES;
				CLANG_WARN_BOOL_CONVERSION = YES;
				CLANG_WARN_CONSTANT_CONVERSION = YES;
				CLANG_WARN_DIRECT_OBJC_ISA_USAGE = YES_ERROR;
				CLANG_WARN_DOCUMENTATION_COMMENTS = YES;
				CLANG_WARN_EMPTY_BODY = YES;
				CLANG_WARN_ENUM_CONVERSION = YES;
				CLANG_WARN_INFINITE_RECURSION = YES;
				CLANG_WARN_INT_CONVERSION = YES;
				CLANG_WARN_OBJC_ROOT_CLASS = YES_ERROR;
				CLANG_WARN_SUSPICIOUS_MOVE = YES;
				CLANG_WARN_UNREACHABLE_CODE = YES;
				CLANG_WARN__DUPLICATE_METHOD_MATCH = YES;
				"CODE_SIGN_IDENTITY[sdk=iphoneos*]" = "iPhone Developer";
				COPY_PHASE_STRIP = NO;
				DEBUG_INFORMATION_FORMAT = dwarf;
				ENABLE_STRICT_OBJC_MSGSEND = YES;
				ENABLE_TESTABILITY = YES;
				GCC_C_LANGUAGE_STANDARD = gnu99;
				GCC_DYNAMIC_NO_PIC = NO;
				GCC_NO_COMMON_BLOCKS = YES;
				GCC_OPTIMIZATION_LEVEL = 0;
				GCC_PREPROCESSOR_DEFINITIONS = (
					"DEBUG=1",
					"$(inherited)",
				);
				GCC_WARN_64_TO_32_BIT_CONVERSION = YES;
				GCC_WARN_ABOUT_RETURN_TYPE = YES_ERROR;
				GCC_WARN_UNDECLARED_SELECTOR = YES;
				GCC_WARN_UNINITIALIZED_AUTOS = YES_AGGRESSIVE;
				GCC_WARN_UNUSED_FUNCTION = YES;
				GCC_WARN_UNUSED_VARIABLE = YES;
				IPHONEOS_DEPLOYMENT_TARGET = 10.2;
				MTL_ENABLE_DEBUG_INFO = YES;
				ONLY_ACTIVE_ARCH = YES;
				SDKROOT = iphoneos;
			};
			name = Debug;
		};
		D9C74DC61E2C871400D00CC5 /* Release */ = {
			isa = XCBuildConfiguration;
			buildSettings = {
				ALWAYS_SEARCH_USER_PATHS = NO;
				CLANG_ANALYZER_NONNULL = YES;
				CLANG_CXX_LANGUAGE_STANDARD = "gnu++0x";
				CLANG_CXX_LIBRARY = "libc++";
				CLANG_ENABLE_MODULES = YES;
				CLANG_ENABLE_OBJC_ARC = YES;
				CLANG_WARN_BOOL_CONVERSION = YES;
				CLANG_WARN_CONSTANT_CONVERSION = YES;
				CLANG_WARN_DIRECT_OBJC_ISA_USAGE = YES_ERROR;
				CLANG_WARN_DOCUMENTATION_COMMENTS = YES;
				CLANG_WARN_EMPTY_BODY = YES;
				CLANG_WARN_ENUM_CONVERSION = YES;
				CLANG_WARN_INFINITE_RECURSION = YES;
				CLANG_WARN_INT_CONVERSION = YES;
				CLANG_WARN_OBJC_ROOT_CLASS = YES_ERROR;
				CLANG_WARN_SUSPICIOUS_MOVE = YES;
				CLANG_WARN_UNREACHABLE_CODE = YES;
				CLANG_WARN__DUPLICATE_METHOD_MATCH = YES;
				"CODE_SIGN_IDENTITY[sdk=iphoneos*]" = "iPhone Developer";
				COPY_PHASE_STRIP = NO;
				DEBUG_INFORMATION_FORMAT = "dwarf-with-dsym";
				ENABLE_NS_ASSERTIONS = NO;
				ENABLE_STRICT_OBJC_MSGSEND = YES;
				GCC_C_LANGUAGE_STANDARD = gnu99;
				GCC_NO_COMMON_BLOCKS = YES;
				GCC_WARN_64_TO_32_BIT_CONVERSION = YES;
				GCC_WARN_ABOUT_RETURN_TYPE = YES_ERROR;
				GCC_WARN_UNDECLARED_SELECTOR = YES;
				GCC_WARN_UNINITIALIZED_AUTOS = YES_AGGRESSIVE;
				GCC_WARN_UNUSED_FUNCTION = YES;
				GCC_WARN_UNUSED_VARIABLE = YES;
				IPHONEOS_DEPLOYMENT_TARGET = 10.2;
				MTL_ENABLE_DEBUG_INFO = NO;
				SDKROOT = iphoneos;
				VALIDATE_PRODUCT = YES;
			};
			name = Release;
		};
		D9C74DC81E2C871400D00CC5 /* Debug */ = {
			isa = XCBuildConfiguration;
			buildSettings = {
				ASSETCATALOG_COMPILER_APPICON_NAME = AppIcon;
				INFOPLIST_FILE = HDRandomViewDemo/Info.plist;
				LD_RUNPATH_SEARCH_PATHS = "$(inherited) @executable_path/Frameworks";
				PRODUCT_BUNDLE_IDENTIFIER = harry.HDRandomViewDemo;
				PRODUCT_NAME = "$(TARGET_NAME)";
			};
			name = Debug;
		};
		D9C74DC91E2C871400D00CC5 /* Release */ = {
			isa = XCBuildConfiguration;
			buildSettings = {
				ASSETCATALOG_COMPILER_APPICON_NAME = AppIcon;
				INFOPLIST_FILE = HDRandomViewDemo/Info.plist;
				LD_RUNPATH_SEARCH_PATHS = "$(inherited) @executable_path/Frameworks";
				PRODUCT_BUNDLE_IDENTIFIER = harry.HDRandomViewDemo;
				PRODUCT_NAME = "$(TARGET_NAME)";
			};
			name = Release;
		};
/* End XCBuildConfiguration section */

/* Begin XCConfigurationList section */
		D9C74DAB1E2C871400D00CC5 /* Build configuration list for PBXProject "HDRandomViewDemo" */ = {
			isa = XCConfigurationList;
			buildConfigurations = (
				D9C74DC51E2C871400D00CC5 /* Debug */,
				D9C74DC61E2C871400D00CC5 /* Release */,
			);
			defaultConfigurationIsVisible = 0;
			defaultConfigurationName = Release;
		};
		D9C74DC71E2C871400D00CC5 /* Build configuration list for PBXNativeTarget "HDRandomViewDemo" */ = {
			isa = XCConfigurationList;
			buildConfigurations = (
				D9C74DC81E2C871400D00CC5 /* Debug */,
				D9C74DC91E2C871400D00CC5 /* Release */,
			);
			defaultConfigurationIsVisible = 0;
		};
/* End XCConfigurationList section */
	};
	rootObject = D9C74DA81E2C871400D00CC5 /* Project object */;
}
